// !$*UTF8*$!
{
	archiveVersion = 1;
	classes = {
	};
	objectVersion = 46;
	objects = {

/* Begin PBXBuildFile section */
		560FD1621DB0A0BF001E6047 /* main.m in Sources */ = {isa = PBXBuildFile; fileRef = 560FD1611DB0A0BF001E6047 /* main.m */; };
		560FD1651DB0A0BF001E6047 /* AppDelegate.m in Sources */ = {isa = PBXBuildFile; fileRef = 560FD1641DB0A0BF001E6047 /* AppDelegate.m */; };
		560FD1681DB0A0BF001E6047 /* ViewController.m in Sources */ = {isa = PBXBuildFile; fileRef = 560FD1671DB0A0BF001E6047 /* ViewController.m */; };
		560FD16B1DB0A0BF001E6047 /* Main.storyboard in Resources */ = {isa = PBXBuildFile; fileRef = 560FD1691DB0A0BF001E6047 /* Main.storyboard */; };
		560FD16D1DB0A0BF001E6047 /* Assets.xcassets in Resources */ = {isa = PBXBuildFile; fileRef = 560FD16C1DB0A0BF001E6047 /* Assets.xcassets */; };
		560FD1701DB0A0BF001E6047 /* LaunchScreen.storyboard in Resources */ = {isa = PBXBuildFile; fileRef = 560FD16E1DB0A0BF001E6047 /* LaunchScreen.storyboard */; };
		560FD1781DB0A3CB001E6047 /* flying-arrows-header.jpg in Resources */ = {isa = PBXBuildFile; fileRef = 560FD1771DB0A3CB001E6047 /* flying-arrows-header.jpg */; };
		569E78611DB5613500CFDB18 /* PageContentViewController.m in Sources */ = {isa = PBXBuildFile; fileRef = 569E78601DB5613500CFDB18 /* PageContentViewController.m */; };
/* End PBXBuildFile section */

/* Begin PBXFileReference section */
		560FD15D1DB0A0BF001E6047 /* introSequence.app */ = {isa = PBXFileReference; explicitFileType = wrapper.application; includeInIndex = 0; path = introSequence.app; sourceTree = BUILT_PRODUCTS_DIR; };
		560FD1611DB0A0BF001E6047 /* main.m */ = {isa = PBXFileReference; lastKnownFileType = sourcecode.c.objc; path = main.m; sourceTree = "<group>"; };
		560FD1631DB0A0BF001E6047 /* AppDelegate.h */ = {isa = PBXFileReference; lastKnownFileType = sourcecode.c.h; path = AppDelegate.h; sourceTree = "<group>"; };
		560FD1641DB0A0BF001E6047 /* AppDelegate.m */ = {isa = PBXFileReference; lastKnownFileType = sourcecode.c.objc; path = AppDelegate.m; sourceTree = "<group>"; };
		560FD1661DB0A0BF001E6047 /* ViewController.h */ = {isa = PBXFileReference; lastKnownFileType = sourcecode.c.h; path = ViewController.h; sourceTree = "<group>"; };
		560FD1671DB0A0BF001E6047 /* ViewController.m */ = {isa = PBXFileReference; lastKnownFileType = sourcecode.c.objc; path = ViewController.m; sourceTree = "<group>"; };
		560FD16A1DB0A0BF001E6047 /* Base */ = {isa = PBXFileReference; lastKnownFileType = file.storyboard; name = Base; path = Base.lproj/Main.storyboard; sourceTree = "<group>"; };
		560FD16C1DB0A0BF001E6047 /* Assets.xcassets */ = {isa = PBXFileReference; lastKnownFileType = folder.assetcatalog; path = Assets.xcassets; sourceTree = "<group>"; };
		560FD16F1DB0A0BF001E6047 /* Base */ = {isa = PBXFileReference; lastKnownFileType = file.storyboard; name = Base; path = Base.lproj/LaunchScreen.storyboard; sourceTree = "<group>"; };
		560FD1711DB0A0BF001E6047 /* Info.plist */ = {isa = PBXFileReference; lastKnownFileType = text.plist.xml; path = Info.plist; sourceTree = "<group>"; };
		560FD1771DB0A3CB001E6047 /* flying-arrows-header.jpg */ = {isa = PBXFileReference; lastKnownFileType = image.jpeg; path = "flying-arrows-header.jpg"; sourceTree = "<group>"; };
		569E785F1DB5613500CFDB18 /* PageContentViewController.h */ = {isa = PBXFileReference; fileEncoding = 4; lastKnownFileType = sourcecode.c.h; path = PageContentViewController.h; sourceTree = "<group>"; };
		569E78601DB5613500CFDB18 /* PageContentViewController.m */ = {isa = PBXFileReference; fileEncoding = 4; lastKnownFileType = sourcecode.c.objc; path = PageContentViewController.m; sourceTree = "<group>"; };
/* End PBXFileReference section */

/* Begin PBXFrameworksBuildPhase section */
		560FD15A1DB0A0BF001E6047 /* Frameworks */ = {
			isa = PBXFrameworksBuildPhase;
			buildActionMask = 2147483647;
			files = (
			);
			runOnlyForDeploymentPostprocessing = 0;
		};
/* End PBXFrameworksBuildPhase section */

/* Begin PBXGroup section */
		560FD1541DB0A0BF001E6047 = {
			isa = PBXGroup;
			children = (
				560FD15F1DB0A0BF001E6047 /* introSequence */,
				560FD15E1DB0A0BF001E6047 /* Products */,
			);
			sourceTree = "<group>";
		};
		560FD15E1DB0A0BF001E6047 /* Products */ = {
			isa = PBXGroup;
			children = (
				560FD15D1DB0A0BF001E6047 /* introSequence.app */,
			);
			name = Products;
			sourceTree = "<group>";
		};
		560FD15F1DB0A0BF001E6047 /* introSequence */ = {
			isa = PBXGroup;
			children = (
				560FD1631DB0A0BF001E6047 /* AppDelegate.h */,
				560FD1641DB0A0BF001E6047 /* AppDelegate.m */,
				560FD1661DB0A0BF001E6047 /* ViewController.h */,
				560FD1671DB0A0BF001E6047 /* ViewController.m */,
				569E785F1DB5613500CFDB18 /* PageContentViewController.h */,
				569E78601DB5613500CFDB18 /* PageContentViewController.m */,
				560FD1691DB0A0BF001E6047 /* Main.storyboard */,
				560FD16C1DB0A0BF001E6047 /* Assets.xcassets */,
				560FD16E1DB0A0BF001E6047 /* LaunchScreen.storyboard */,
				560FD1711DB0A0BF001E6047 /* Info.plist */,
				560FD1601DB0A0BF001E6047 /* Supporting Files */,
			);
			path = introSequence;
			sourceTree = "<group>";
		};
		560FD1601DB0A0BF001E6047 /* Supporting Files */ = {
			isa = PBXGroup;
			children = (
				560FD1611DB0A0BF001E6047 /* main.m */,
				560FD1791DB0A3D6001E6047 /* images */,
			);
			name = "Supporting Files";
			sourceTree = "<group>";
		};
		560FD1791DB0A3D6001E6047 /* images */ = {
			isa = PBXGroup;
			children = (
				560FD1771DB0A3CB001E6047 /* flying-arrows-header.jpg */,
			);
			name = images;
			sourceTree = "<group>";
		};
/* End PBXGroup section */

/* Begin PBXNativeTarget section */
		560FD15C1DB0A0BF001E6047 /* introSequence */ = {
			isa = PBXNativeTarget;
			buildConfigurationList = 560FD1741DB0A0BF001E6047 /* Build configuration list for PBXNativeTarget "introSequence" */;
			buildPhases = (
				560FD1591DB0A0BF001E6047 /* Sources */,
				560FD15A1DB0A0BF001E6047 /* Frameworks */,
				560FD15B1DB0A0BF001E6047 /* Resources */,
			);
			buildRules = (
			);
			dependencies = (
			);
			name = introSequence;
			productName = introSequence;
			productReference = 560FD15D1DB0A0BF001E6047 /* introSequence.app */;
			productType = "com.apple.product-type.application";
		};
/* End PBXNativeTarget section */

/* Begin PBXProject section */
		560FD1551DB0A0BF001E6047 /* Project object */ = {
			isa = PBXProject;
			attributes = {
				LastUpgradeCheck = 0800;
				ORGANIZATIONNAME = "Jason Owen";
				TargetAttributes = {
					560FD15C1DB0A0BF001E6047 = {
						CreatedOnToolsVersion = 8.0;
						DevelopmentTeam = 7P8HEW4494;
						ProvisioningStyle = Automatic;
					};
				};
			};
			buildConfigurationList = 560FD1581DB0A0BF001E6047 /* Build configuration list for PBXProject "introSequence" */;
			compatibilityVersion = "Xcode 3.2";
			developmentRegion = English;
			hasScannedForEncodings = 0;
			knownRegions = (
				en,
				Base,
			);
			mainGroup = 560FD1541DB0A0BF001E6047;
			productRefGroup = 560FD15E1DB0A0BF001E6047 /* Products */;
			projectDirPath = "";
			projectRoot = "";
			targets = (
				560FD15C1DB0A0BF001E6047 /* introSequence */,
			);
		};
/* End PBXProject section */

/* Begin PBXResourcesBuildPhase section */
		560FD15B1DB0A0BF001E6047 /* Resources */ = {
			isa = PBXResourcesBuildPhase;
			buildActionMask = 2147483647;
			files = (
				560FD1701DB0A0BF001E6047 /* LaunchScreen.storyboard in Resources */,
				560FD1781DB0A3CB001E6047 /* flying-arrows-header.jpg in Resources */,
				560FD16D1DB0A0BF001E6047 /* Assets.xcassets in Resources */,
				560FD16B1DB0A0BF001E6047 /* Main.storyboard in Resources */,
			);
			runOnlyForDeploymentPostprocessing = 0;
		};
/* End PBXResourcesBuildPhase section */

/* Begin PBXSourcesBuildPhase section */
		560FD1591DB0A0BF001E6047 /* Sources */ = {
			isa = PBXSourcesBuildPhase;
			buildActionMask = 2147483647;
			files = (
				560FD1681DB0A0BF001E6047 /* ViewController.m in Sources */,
				569E78611DB5613500CFDB18 /* PageContentViewController.m in Sources */,
				560FD1651DB0A0BF001E6047 /* AppDelegate.m in Sources */,
				560FD1621DB0A0BF001E6047 /* main.m in Sources */,
			);
			runOnlyForDeploymentPostprocessing = 0;
		};
/* End PBXSourcesBuildPhase section */

/* Begin PBXVariantGroup section */
		560FD1691DB0A0BF001E6047 /* Main.storyboard */ = {
			isa = PBXVariantGroup;
			children = (
				560FD16A1DB0A0BF001E6047 /* Base */,
			);
			name = Main.storyboard;
			sourceTree = "<group>";
		};
		560FD16E1DB0A0BF001E6047 /* LaunchScreen.storyboard */ = {
			isa = PBXVariantGroup;
			children = (
				560FD16F1DB0A0BF001E6047 /* Base */,
			);
			name = LaunchScreen.storyboard;
			sourceTree = "<group>";
		};
/* End PBXVariantGroup section */

/* Begin XCBuildConfiguration section */
		560FD1721DB0A0BF001E6047 /* Debug */ = {
			isa = XCBuildConfiguration;
			buildSettings = {
				ALWAYS_SEARCH_USER_PATHS = NO;
				CLANG_ANALYZER_NONNULL = YES;
				CLANG_CXX_LANGUAGE_STANDARD = "gnu++0x";
				CLANG_CXX_LIBRARY = "libc++";
				CLANG_ENABLE_MODULES = YES;
				CLANG_ENABLE_OBJC_ARC = YES;
				CLANG_WARN_BOOL_CONVERSION = YES;
				CLANG_WARN_CONSTANT_CONVERSION = YES;
				CLANG_WARN_DIRECT_OBJC_ISA_USAGE = YES_ERROR;
				CLANG_WARN_DOCUMENTATION_COMMENTS = YES;
				CLANG_WARN_EMPTY_BODY = YES;
				CLANG_WARN_ENUM_CONVERSION = YES;
				CLANG_WARN_INFINITE_RECURSION = YES;
				CLANG_WARN_INT_CONVERSION = YES;
				CLANG_WARN_OBJC_ROOT_CLASS = YES_ERROR;
				CLANG_WARN_SUSPICIOUS_MOVES = YES;
				CLANG_WARN_UNREACHABLE_CODE = YES;
				CLANG_WARN__DUPLICATE_METHOD_MATCH = YES;
				"CODE_SIGN_IDENTITY[sdk=iphoneos*]" = "iPhone Developer";
				COPY_PHASE_STRIP = NO;
				DEBUG_INFORMATION_FORMAT = dwarf;
				ENABLE_STRICT_OBJC_MSGSEND = YES;
				ENABLE_TESTABILITY = YES;
				GCC_C_LANGUAGE_STANDARD = gnu99;
				GCC_DYNAMIC_NO_PIC = NO;
				GCC_NO_COMMON_BLOCKS = YES;
				GCC_OPTIMIZATION_LEVEL = 0;
				GCC_PREPROCESSOR_DEFINITIONS = (
					"DEBUG=1",
					"$(inherited)",
				);
				GCC_WARN_64_TO_32_BIT_CONVERSION = YES;
				GCC_WARN_ABOUT_RETURN_TYPE = YES_ERROR;
				GCC_WARN_UNDECLARED_SELECTOR = YES;
				GCC_WARN_UNINITIALIZED_AUTOS = YES_AGGRESSIVE;
				GCC_WARN_UNUSED_FUNCTION = YES;
				GCC_WARN_UNUSED_VARIABLE = YES;
				IPHONEOS_DEPLOYMENT_TARGET = 10.0;
				MTL_ENABLE_DEBUG_INFO = YES;
				ONLY_ACTIVE_ARCH = YES;
				SDKROOT = iphoneos;
				TARGETED_DEVICE_FAMILY = "1,2";
			};
			name = Debug;
		};
		560FD1731DB0A0BF001E6047 /* Release */ = {
			isa = XCBuildConfiguration;
			buildSettings = {
				ALWAYS_SEARCH_USER_PATHS = NO;
				CLANG_ANALYZER_NONNULL = YES;
				CLANG_CXX_LANGUAGE_STANDARD = "gnu++0x";
				CLANG_CXX_LIBRARY = "libc++";
				CLANG_ENABLE_MODULES = YES;
				CLANG_ENABLE_OBJC_ARC = YES;
				CLANG_WARN_BOOL_CONVERSION = YES;
				CLANG_WARN_CONSTANT_CONVERSION = YES;
				CLANG_WARN_DIRECT_OBJC_ISA_USAGE = YES_ERROR;
				CLANG_WARN_DOCUMENTATION_COMMENTS = YES;
				CLANG_WARN_EMPTY_BODY = YES;
				CLANG_WARN_ENUM_CONVERSION = YES;
				CLANG_WARN_INFINITE_RECURSION = YES;
				CLANG_WARN_INT_CONVERSION = YES;
				CLANG_WARN_OBJC_ROOT_CLASS = YES_ERROR;
				CLANG_WARN_SUSPICIOUS_MOVES = YES;
				CLANG_WARN_UNREACHABLE_CODE = YES;
				CLANG_WARN__DUPLICATE_METHOD_MATCH = YES;
				"CODE_SIGN_IDENTITY[sdk=iphoneos*]" = "iPhone Developer";
				COPY_PHASE_STRIP = NO;
				DEBUG_INFORMATION_FORMAT = "dwarf-with-dsym";
				ENABLE_NS_ASSERTIONS = NO;
				ENABLE_STRICT_OBJC_MSGSEND = YES;
				GCC_C_LANGUAGE_STANDARD = gnu99;
				GCC_NO_COMMON_BLOCKS = YES;
				GCC_WARN_64_TO_32_BIT_CONVERSION = YES;
				GCC_WARN_ABOUT_RETURN_TYPE = YES_ERROR;
				GCC_WARN_UNDECLARED_SELECTOR = YES;
				GCC_WARN_UNINITIALIZED_AUTOS = YES_AGGRESSIVE;
				GCC_WARN_UNUSED_FUNCTION = YES;
				GCC_WARN_UNUSED_VARIABLE = YES;
				IPHONEOS_DEPLOYMENT_TARGET = 10.0;
				MTL_ENABLE_DEBUG_INFO = NO;
				SDKROOT = iphoneos;
				TARGETED_DEVICE_FAMILY = "1,2";
				VALIDATE_PRODUCT = YES;
			};
			name = Release;
		};
		560FD1751DB0A0BF001E6047 /* Debug */ = {
			isa = XCBuildConfiguration;
			buildSettings = {
				ASSETCATALOG_COMPILER_APPICON_NAME = AppIcon;
				DEVELOPMENT_TEAM = 7P8HEW4494;
				INFOPLIST_FILE = introSequence/Info.plist;
				LD_RUNPATH_SEARCH_PATHS = "$(inherited) @executable_path/Frameworks";
				PRODUCT_BUNDLE_IDENTIFIER = "net.health-space.introSequence";
				PRODUCT_NAME = "$(TARGET_NAME)";
			};
			name = Debug;
		};
		560FD1761DB0A0BF001E6047 /* Release */ = {
			isa = XCBuildConfiguration;
			buildSettings = {
				ASSETCATALOG_COMPILER_APPICON_NAME = AppIcon;
				DEVELOPMENT_TEAM = 7P8HEW4494;
				INFOPLIST_FILE = introSequence/Info.plist;
				LD_RUNPATH_SEARCH_PATHS = "$(inherited) @executable_path/Frameworks";
				PRODUCT_BUNDLE_IDENTIFIER = "net.health-space.introSequence";
				PRODUCT_NAME = "$(TARGET_NAME)";
			};
			name = Release;
		};
/* End XCBuildConfiguration section */

/* Begin XCConfigurationList section */
		560FD1581DB0A0BF001E6047 /* Build configuration list for PBXProject "introSequence" */ = {
			isa = XCConfigurationList;
			buildConfigurations = (
				560FD1721DB0A0BF001E6047 /* Debug */,
				560FD1731DB0A0BF001E6047 /* Release */,
			);
			defaultConfigurationIsVisible = 0;
			defaultConfigurationName = Release;
		};
		560FD1741DB0A0BF001E6047 /* Build configuration list for PBXNativeTarget "introSequence" */ = {
			isa = XCConfigurationList;
			buildConfigurations = (
				560FD1751DB0A0BF001E6047 /* Debug */,
				560FD1761DB0A0BF001E6047 /* Release */,
			);
			defaultConfigurationIsVisible = 0;
			defaultConfigurationName = Release;
		};
/* End XCConfigurationList section */
	};
	rootObject = 560FD1551DB0A0BF001E6047 /* Project object */;
}
