// !$*UTF8*$!
{
	archiveVersion = 1;
	classes = {
	};
	objectVersion = 46;
	objects = {

/* Begin PBXBuildFile section */
		561CEB021D90E805001CB486 /* Event+CoreDataClass.m in Sources */ = {isa = PBXBuildFile; fileRef = 561CEAFB1D90E805001CB486 /* Event+CoreDataClass.m */; };
		5631D3291DB9D8A200FA2697 /* IntroSequenceParentViewController.m in Sources */ = {isa = PBXBuildFile; fileRef = 5631D3281DB9D8A200FA2697 /* IntroSequenceParentViewController.m */; };
		563CD8D91D0932910021A77E /* main.m in Sources */ = {isa = PBXBuildFile; fileRef = 563CD8D81D0932910021A77E /* main.m */; };
		563CD8DC1D0932910021A77E /* AppDelegate.m in Sources */ = {isa = PBXBuildFile; fileRef = 563CD8DB1D0932910021A77E /* AppDelegate.m */; };
		563CD8DF1D0932910021A77E /* BlocNotes2.xcdatamodeld in Sources */ = {isa = PBXBuildFile; fileRef = 563CD8DD1D0932910021A77E /* BlocNotes2.xcdatamodeld */; };
		563CD8E21D0932910021A77E /* MasterViewController.m in Sources */ = {isa = PBXBuildFile; fileRef = 563CD8E11D0932910021A77E /* MasterViewController.m */; };
		563CD8E51D0932910021A77E /* DetailViewController.m in Sources */ = {isa = PBXBuildFile; fileRef = 563CD8E41D0932910021A77E /* DetailViewController.m */; };
		563CD8E81D0932910021A77E /* Main.storyboard in Resources */ = {isa = PBXBuildFile; fileRef = 563CD8E61D0932910021A77E /* Main.storyboard */; };
		563CD8EA1D0932910021A77E /* Assets.xcassets in Resources */ = {isa = PBXBuildFile; fileRef = 563CD8E91D0932910021A77E /* Assets.xcassets */; };
		563CD8ED1D0932910021A77E /* LaunchScreen.storyboard in Resources */ = {isa = PBXBuildFile; fileRef = 563CD8EB1D0932910021A77E /* LaunchScreen.storyboard */; };
		563CD8F81D0932920021A77E /* BlocNotes2Tests.m in Sources */ = {isa = PBXBuildFile; fileRef = 563CD8F71D0932920021A77E /* BlocNotes2Tests.m */; };
		563CD9031D0932920021A77E /* BlocNotes2UITests.m in Sources */ = {isa = PBXBuildFile; fileRef = 563CD9021D0932920021A77E /* BlocNotes2UITests.m */; };
		56422A3C1D924A8900520BC4 /* GoalValue+CoreDataClass.m in Sources */ = {isa = PBXBuildFile; fileRef = 56422A391D924A8900520BC4 /* GoalValue+CoreDataClass.m */; };
		56422A3D1D924A8900520BC4 /* GoalValue+CoreDataProperties.m in Sources */ = {isa = PBXBuildFile; fileRef = 56422A3B1D924A8900520BC4 /* GoalValue+CoreDataProperties.m */; };
		5652F9521D7537A700EA1B8D /* Event+CoreDataProperties.m in Sources */ = {isa = PBXBuildFile; fileRef = 5652F94F1D7537A700EA1B8D /* Event+CoreDataProperties.m */; };
		568318C31D2CBDF00047F2D3 /* DataSource.m in Sources */ = {isa = PBXBuildFile; fileRef = 568318C21D2CBDF00047F2D3 /* DataSource.m */; };
		56E1356E1DB72F4600612B9C /* IntroSequenceChildViewController.m in Sources */ = {isa = PBXBuildFile; fileRef = 56E1356D1DB72F4600612B9C /* IntroSequenceChildViewController.m */; };
/* End PBXBuildFile section */

/* Begin PBXContainerItemProxy section */
		563CD8F41D0932920021A77E /* PBXContainerItemProxy */ = {
			isa = PBXContainerItemProxy;
			containerPortal = 563CD8CC1D0932910021A77E /* Project object */;
			proxyType = 1;
			remoteGlobalIDString = 563CD8D31D0932910021A77E;
			remoteInfo = BlocNotes2;
		};
		563CD8FF1D0932920021A77E /* PBXContainerItemProxy */ = {
			isa = PBXContainerItemProxy;
			containerPortal = 563CD8CC1D0932910021A77E /* Project object */;
			proxyType = 1;
			remoteGlobalIDString = 563CD8D31D0932910021A77E;
			remoteInfo = BlocNotes2;
		};
/* End PBXContainerItemProxy section */

/* Begin PBXFileReference section */
		561CEAFA1D90E805001CB486 /* Event+CoreDataClass.h */ = {isa = PBXFileReference; fileEncoding = 4; lastKnownFileType = sourcecode.c.h; name = "Event+CoreDataClass.h"; path = "../Event+CoreDataClass.h"; sourceTree = "<group>"; };
		561CEAFB1D90E805001CB486 /* Event+CoreDataClass.m */ = {isa = PBXFileReference; fileEncoding = 4; lastKnownFileType = sourcecode.c.objc; name = "Event+CoreDataClass.m"; path = "../Event+CoreDataClass.m"; sourceTree = "<group>"; };
		5631D3271DB9D8A200FA2697 /* IntroSequenceParentViewController.h */ = {isa = PBXFileReference; fileEncoding = 4; lastKnownFileType = sourcecode.c.h; path = IntroSequenceParentViewController.h; sourceTree = "<group>"; };
		5631D3281DB9D8A200FA2697 /* IntroSequenceParentViewController.m */ = {isa = PBXFileReference; fileEncoding = 4; lastKnownFileType = sourcecode.c.objc; path = IntroSequenceParentViewController.m; sourceTree = "<group>"; };
		563CD8D41D0932910021A77E /* goalsCoach.app */ = {isa = PBXFileReference; explicitFileType = wrapper.application; includeInIndex = 0; path = goalsCoach.app; sourceTree = BUILT_PRODUCTS_DIR; };
		563CD8D81D0932910021A77E /* main.m */ = {isa = PBXFileReference; lastKnownFileType = sourcecode.c.objc; path = main.m; sourceTree = "<group>"; };
		563CD8DA1D0932910021A77E /* AppDelegate.h */ = {isa = PBXFileReference; lastKnownFileType = sourcecode.c.h; path = AppDelegate.h; sourceTree = "<group>"; };
		563CD8DB1D0932910021A77E /* AppDelegate.m */ = {isa = PBXFileReference; lastKnownFileType = sourcecode.c.objc; path = AppDelegate.m; sourceTree = "<group>"; };
		563CD8DE1D0932910021A77E /* BlocNotes2.xcdatamodel */ = {isa = PBXFileReference; lastKnownFileType = wrapper.xcdatamodel; path = BlocNotes2.xcdatamodel; sourceTree = "<group>"; };
		563CD8E01D0932910021A77E /* MasterViewController.h */ = {isa = PBXFileReference; lastKnownFileType = sourcecode.c.h; path = MasterViewController.h; sourceTree = "<group>"; };
		563CD8E11D0932910021A77E /* MasterViewController.m */ = {isa = PBXFileReference; lastKnownFileType = sourcecode.c.objc; path = MasterViewController.m; sourceTree = "<group>"; };
		563CD8E31D0932910021A77E /* DetailViewController.h */ = {isa = PBXFileReference; lastKnownFileType = sourcecode.c.h; path = DetailViewController.h; sourceTree = "<group>"; };
		563CD8E41D0932910021A77E /* DetailViewController.m */ = {isa = PBXFileReference; lastKnownFileType = sourcecode.c.objc; path = DetailViewController.m; sourceTree = "<group>"; };
		563CD8E71D0932910021A77E /* Base */ = {isa = PBXFileReference; lastKnownFileType = file.storyboard; name = Base; path = Base.lproj/Main.storyboard; sourceTree = "<group>"; };
		563CD8E91D0932910021A77E /* Assets.xcassets */ = {isa = PBXFileReference; lastKnownFileType = folder.assetcatalog; path = Assets.xcassets; sourceTree = "<group>"; };
		563CD8EC1D0932910021A77E /* Base */ = {isa = PBXFileReference; lastKnownFileType = file.storyboard; name = Base; path = Base.lproj/LaunchScreen.storyboard; sourceTree = "<group>"; };
		563CD8EE1D0932910021A77E /* Info.plist */ = {isa = PBXFileReference; lastKnownFileType = text.plist.xml; path = Info.plist; sourceTree = "<group>"; };
		563CD8F31D0932920021A77E /* goalsCoach.xctest */ = {isa = PBXFileReference; explicitFileType = wrapper.cfbundle; includeInIndex = 0; path = goalsCoach.xctest; sourceTree = BUILT_PRODUCTS_DIR; };
		563CD8F71D0932920021A77E /* BlocNotes2Tests.m */ = {isa = PBXFileReference; lastKnownFileType = sourcecode.c.objc; path = BlocNotes2Tests.m; sourceTree = "<group>"; };
		563CD8F91D0932920021A77E /* Info.plist */ = {isa = PBXFileReference; lastKnownFileType = text.plist.xml; path = Info.plist; sourceTree = "<group>"; };
		563CD8FE1D0932920021A77E /* goalsCoach.xctest */ = {isa = PBXFileReference; explicitFileType = wrapper.cfbundle; includeInIndex = 0; path = goalsCoach.xctest; sourceTree = BUILT_PRODUCTS_DIR; };
		563CD9021D0932920021A77E /* BlocNotes2UITests.m */ = {isa = PBXFileReference; lastKnownFileType = sourcecode.c.objc; path = BlocNotes2UITests.m; sourceTree = "<group>"; };
		563CD9041D0932920021A77E /* Info.plist */ = {isa = PBXFileReference; lastKnownFileType = text.plist.xml; path = Info.plist; sourceTree = "<group>"; };
		56422A381D924A8900520BC4 /* GoalValue+CoreDataClass.h */ = {isa = PBXFileReference; fileEncoding = 4; lastKnownFileType = sourcecode.c.h; name = "GoalValue+CoreDataClass.h"; path = "../GoalValue+CoreDataClass.h"; sourceTree = "<group>"; };
		56422A391D924A8900520BC4 /* GoalValue+CoreDataClass.m */ = {isa = PBXFileReference; fileEncoding = 4; lastKnownFileType = sourcecode.c.objc; name = "GoalValue+CoreDataClass.m"; path = "../GoalValue+CoreDataClass.m"; sourceTree = "<group>"; };
		56422A3A1D924A8900520BC4 /* GoalValue+CoreDataProperties.h */ = {isa = PBXFileReference; fileEncoding = 4; lastKnownFileType = sourcecode.c.h; name = "GoalValue+CoreDataProperties.h"; path = "../GoalValue+CoreDataProperties.h"; sourceTree = "<group>"; };
		56422A3B1D924A8900520BC4 /* GoalValue+CoreDataProperties.m */ = {isa = PBXFileReference; fileEncoding = 4; lastKnownFileType = sourcecode.c.objc; name = "GoalValue+CoreDataProperties.m"; path = "../GoalValue+CoreDataProperties.m"; sourceTree = "<group>"; };
		5652F94E1D7537A700EA1B8D /* Event+CoreDataProperties.h */ = {isa = PBXFileReference; fileEncoding = 4; lastKnownFileType = sourcecode.c.h; name = "Event+CoreDataProperties.h"; path = "../Event+CoreDataProperties.h"; sourceTree = "<group>"; };
		5652F94F1D7537A700EA1B8D /* Event+CoreDataProperties.m */ = {isa = PBXFileReference; fileEncoding = 4; lastKnownFileType = sourcecode.c.objc; name = "Event+CoreDataProperties.m"; path = "../Event+CoreDataProperties.m"; sourceTree = "<group>"; };
		568318C11D2CBDF00047F2D3 /* DataSource.h */ = {isa = PBXFileReference; fileEncoding = 4; lastKnownFileType = sourcecode.c.h; path = DataSource.h; sourceTree = "<group>"; };
		568318C21D2CBDF00047F2D3 /* DataSource.m */ = {isa = PBXFileReference; fileEncoding = 4; lastKnownFileType = sourcecode.c.objc; path = DataSource.m; sourceTree = "<group>"; };
		56E1356C1DB72F4600612B9C /* IntroSequenceChildViewController.h */ = {isa = PBXFileReference; fileEncoding = 4; lastKnownFileType = sourcecode.c.h; name = IntroSequenceChildViewController.h; path = ../IntroSequenceChildViewController.h; sourceTree = "<group>"; };
		56E1356D1DB72F4600612B9C /* IntroSequenceChildViewController.m */ = {isa = PBXFileReference; fileEncoding = 4; lastKnownFileType = sourcecode.c.objc; name = IntroSequenceChildViewController.m; path = ../IntroSequenceChildViewController.m; sourceTree = "<group>"; };
/* End PBXFileReference section */

/* Begin PBXFrameworksBuildPhase section */
		563CD8D11D0932910021A77E /* Frameworks */ = {
			isa = PBXFrameworksBuildPhase;
			buildActionMask = 2147483647;
			files = (
			);
			runOnlyForDeploymentPostprocessing = 0;
		};
		563CD8F01D0932920021A77E /* Frameworks */ = {
			isa = PBXFrameworksBuildPhase;
			buildActionMask = 2147483647;
			files = (
			);
			runOnlyForDeploymentPostprocessing = 0;
		};
		563CD8FB1D0932920021A77E /* Frameworks */ = {
			isa = PBXFrameworksBuildPhase;
			buildActionMask = 2147483647;
			files = (
			);
			runOnlyForDeploymentPostprocessing = 0;
		};
/* End PBXFrameworksBuildPhase section */

/* Begin PBXGroup section */
		563CD8CB1D0932910021A77E = {
			isa = PBXGroup;
			children = (
				563CD8D61D0932910021A77E /* BlocNotes2 */,
				563CD8F61D0932920021A77E /* BlocNotes2Tests */,
				563CD9011D0932920021A77E /* BlocNotes2UITests */,
				563CD8D51D0932910021A77E /* Products */,
			);
			sourceTree = "<group>";
		};
		563CD8D51D0932910021A77E /* Products */ = {
			isa = PBXGroup;
			children = (
				563CD8D41D0932910021A77E /* goalsCoach.app */,
				563CD8F31D0932920021A77E /* goalsCoach.xctest */,
				563CD8FE1D0932920021A77E /* goalsCoach.xctest */,
			);
			name = Products;
			sourceTree = "<group>";
		};
		563CD8D61D0932910021A77E /* BlocNotes2 */ = {
			isa = PBXGroup;
			children = (
				56E1356C1DB72F4600612B9C /* IntroSequenceChildViewController.h */,
				56E1356D1DB72F4600612B9C /* IntroSequenceChildViewController.m */,
				5631D3271DB9D8A200FA2697 /* IntroSequenceParentViewController.h */,
				5631D3281DB9D8A200FA2697 /* IntroSequenceParentViewController.m */,
				561CEAFA1D90E805001CB486 /* Event+CoreDataClass.h */,
				561CEAFB1D90E805001CB486 /* Event+CoreDataClass.m */,
				5652F94E1D7537A700EA1B8D /* Event+CoreDataProperties.h */,
				5652F94F1D7537A700EA1B8D /* Event+CoreDataProperties.m */,
				56422A381D924A8900520BC4 /* GoalValue+CoreDataClass.h */,
				56422A391D924A8900520BC4 /* GoalValue+CoreDataClass.m */,
				56422A3A1D924A8900520BC4 /* GoalValue+CoreDataProperties.h */,
				56422A3B1D924A8900520BC4 /* GoalValue+CoreDataProperties.m */,
				563CD8DA1D0932910021A77E /* AppDelegate.h */,
				563CD8DB1D0932910021A77E /* AppDelegate.m */,
				563CD8E01D0932910021A77E /* MasterViewController.h */,
				563CD8E11D0932910021A77E /* MasterViewController.m */,
				563CD8E31D0932910021A77E /* DetailViewController.h */,
				563CD8E41D0932910021A77E /* DetailViewController.m */,
				568318C11D2CBDF00047F2D3 /* DataSource.h */,
				568318C21D2CBDF00047F2D3 /* DataSource.m */,
				563CD8E61D0932910021A77E /* Main.storyboard */,
				563CD8E91D0932910021A77E /* Assets.xcassets */,
				563CD8EB1D0932910021A77E /* LaunchScreen.storyboard */,
				563CD8EE1D0932910021A77E /* Info.plist */,
				563CD8DD1D0932910021A77E /* BlocNotes2.xcdatamodeld */,
				563CD8D71D0932910021A77E /* Supporting Files */,
			);
			path = BlocNotes2;
			sourceTree = "<group>";
		};
		563CD8D71D0932910021A77E /* Supporting Files */ = {
			isa = PBXGroup;
			children = (
				563CD8D81D0932910021A77E /* main.m */,
			);
			name = "Supporting Files";
			sourceTree = "<group>";
		};
		563CD8F61D0932920021A77E /* BlocNotes2Tests */ = {
			isa = PBXGroup;
			children = (
				563CD8F71D0932920021A77E /* BlocNotes2Tests.m */,
				563CD8F91D0932920021A77E /* Info.plist */,
			);
			path = BlocNotes2Tests;
			sourceTree = "<group>";
		};
		563CD9011D0932920021A77E /* BlocNotes2UITests */ = {
			isa = PBXGroup;
			children = (
				563CD9021D0932920021A77E /* BlocNotes2UITests.m */,
				563CD9041D0932920021A77E /* Info.plist */,
			);
			path = BlocNotes2UITests;
			sourceTree = "<group>";
		};
/* End PBXGroup section */

/* Begin PBXNativeTarget section */
		563CD8D31D0932910021A77E /* goalsCoach */ = {
			isa = PBXNativeTarget;
			buildConfigurationList = 563CD9071D0932920021A77E /* Build configuration list for PBXNativeTarget "goalsCoach" */;
			buildPhases = (
				563CD8D01D0932910021A77E /* Sources */,
				563CD8D11D0932910021A77E /* Frameworks */,
				563CD8D21D0932910021A77E /* Resources */,
			);
			buildRules = (
			);
			dependencies = (
			);
			name = goalsCoach;
			productName = BlocNotes2;
			productReference = 563CD8D41D0932910021A77E /* goalsCoach.app */;
			productType = "com.apple.product-type.application";
		};
		563CD8F21D0932920021A77E /* goalsCoachTests */ = {
			isa = PBXNativeTarget;
			buildConfigurationList = 563CD90A1D0932920021A77E /* Build configuration list for PBXNativeTarget "goalsCoachTests" */;
			buildPhases = (
				563CD8EF1D0932920021A77E /* Sources */,
				563CD8F01D0932920021A77E /* Frameworks */,
				563CD8F11D0932920021A77E /* Resources */,
			);
			buildRules = (
			);
			dependencies = (
				563CD8F51D0932920021A77E /* PBXTargetDependency */,
			);
			name = goalsCoachTests;
			productName = BlocNotes2Tests;
			productReference = 563CD8F31D0932920021A77E /* goalsCoach.xctest */;
			productType = "com.apple.product-type.bundle.unit-test";
		};
		563CD8FD1D0932920021A77E /* goalsCoachUITests */ = {
			isa = PBXNativeTarget;
			buildConfigurationList = 563CD90D1D0932920021A77E /* Build configuration list for PBXNativeTarget "goalsCoachUITests" */;
			buildPhases = (
				563CD8FA1D0932920021A77E /* Sources */,
				563CD8FB1D0932920021A77E /* Frameworks */,
				563CD8FC1D0932920021A77E /* Resources */,
			);
			buildRules = (
			);
			dependencies = (
				563CD9001D0932920021A77E /* PBXTargetDependency */,
			);
			name = goalsCoachUITests;
			productName = BlocNotes2UITests;
			productReference = 563CD8FE1D0932920021A77E /* goalsCoach.xctest */;
			productType = "com.apple.product-type.bundle.ui-testing";
		};
/* End PBXNativeTarget section */

/* Begin PBXProject section */
		563CD8CC1D0932910021A77E /* Project object */ = {
			isa = PBXProject;
			attributes = {
				LastUpgradeCheck = 0730;
				ORGANIZATIONNAME = "Jason Owen";
				TargetAttributes = {
					563CD8D31D0932910021A77E = {
						CreatedOnToolsVersion = 7.3.1;
					};
					563CD8F21D0932920021A77E = {
						CreatedOnToolsVersion = 7.3.1;
						TestTargetID = 563CD8D31D0932910021A77E;
					};
					563CD8FD1D0932920021A77E = {
						CreatedOnToolsVersion = 7.3.1;
						TestTargetID = 563CD8D31D0932910021A77E;
					};
				};
			};
			buildConfigurationList = 563CD8CF1D0932910021A77E /* Build configuration list for PBXProject "goalsCoach" */;
			compatibilityVersion = "Xcode 3.2";
			developmentRegion = English;
			hasScannedForEncodings = 0;
			knownRegions = (
				en,
				Base,
			);
			mainGroup = 563CD8CB1D0932910021A77E;
			productRefGroup = 563CD8D51D0932910021A77E /* Products */;
			projectDirPath = "";
			projectRoot = "";
			targets = (
				563CD8D31D0932910021A77E /* goalsCoach */,
				563CD8F21D0932920021A77E /* goalsCoachTests */,
				563CD8FD1D0932920021A77E /* goalsCoachUITests */,
			);
		};
/* End PBXProject section */

/* Begin PBXResourcesBuildPhase section */
		563CD8D21D0932910021A77E /* Resources */ = {
			isa = PBXResourcesBuildPhase;
			buildActionMask = 2147483647;
			files = (
				563CD8ED1D0932910021A77E /* LaunchScreen.storyboard in Resources */,
				563CD8EA1D0932910021A77E /* Assets.xcassets in Resources */,
				563CD8E81D0932910021A77E /* Main.storyboard in Resources */,
			);
			runOnlyForDeploymentPostprocessing = 0;
		};
		563CD8F11D0932920021A77E /* Resources */ = {
			isa = PBXResourcesBuildPhase;
			buildActionMask = 2147483647;
			files = (
			);
			runOnlyForDeploymentPostprocessing = 0;
		};
		563CD8FC1D0932920021A77E /* Resources */ = {
			isa = PBXResourcesBuildPhase;
			buildActionMask = 2147483647;
			files = (
			);
			runOnlyForDeploymentPostprocessing = 0;
		};
/* End PBXResourcesBuildPhase section */

/* Begin PBXSourcesBuildPhase section */
		563CD8D01D0932910021A77E /* Sources */ = {
			isa = PBXSourcesBuildPhase;
			buildActionMask = 2147483647;
			files = (
				5631D3291DB9D8A200FA2697 /* IntroSequenceParentViewController.m in Sources */,
				563CD8E51D0932910021A77E /* DetailViewController.m in Sources */,
				563CD8E21D0932910021A77E /* MasterViewController.m in Sources */,
				568318C31D2CBDF00047F2D3 /* DataSource.m in Sources */,
				5652F9521D7537A700EA1B8D /* Event+CoreDataProperties.m in Sources */,
				56422A3D1D924A8900520BC4 /* GoalValue+CoreDataProperties.m in Sources */,
				561CEB021D90E805001CB486 /* Event+CoreDataClass.m in Sources */,
				563CD8DC1D0932910021A77E /* AppDelegate.m in Sources */,
				56422A3C1D924A8900520BC4 /* GoalValue+CoreDataClass.m in Sources */,
				563CD8DF1D0932910021A77E /* BlocNotes2.xcdatamodeld in Sources */,
				563CD8D91D0932910021A77E /* main.m in Sources */,
				56E1356E1DB72F4600612B9C /* IntroSequenceChildViewController.m in Sources */,
			);
			runOnlyForDeploymentPostprocessing = 0;
		};
		563CD8EF1D0932920021A77E /* Sources */ = {
			isa = PBXSourcesBuildPhase;
			buildActionMask = 2147483647;
			files = (
				563CD8F81D0932920021A77E /* BlocNotes2Tests.m in Sources */,
			);
			runOnlyForDeploymentPostprocessing = 0;
		};
		563CD8FA1D0932920021A77E /* Sources */ = {
			isa = PBXSourcesBuildPhase;
			buildActionMask = 2147483647;
			files = (
				563CD9031D0932920021A77E /* BlocNotes2UITests.m in Sources */,
			);
			runOnlyForDeploymentPostprocessing = 0;
		};
/* End PBXSourcesBuildPhase section */

/* Begin PBXTargetDependency section */
		563CD8F51D0932920021A77E /* PBXTargetDependency */ = {
			isa = PBXTargetDependency;
			target = 563CD8D31D0932910021A77E /* goalsCoach */;
			targetProxy = 563CD8F41D0932920021A77E /* PBXContainerItemProxy */;
		};
		563CD9001D0932920021A77E /* PBXTargetDependency */ = {
			isa = PBXTargetDependency;
			target = 563CD8D31D0932910021A77E /* goalsCoach */;
			targetProxy = 563CD8FF1D0932920021A77E /* PBXContainerItemProxy */;
		};
/* End PBXTargetDependency section */

/* Begin PBXVariantGroup section */
		563CD8E61D0932910021A77E /* Main.storyboard */ = {
			isa = PBXVariantGroup;
			children = (
				563CD8E71D0932910021A77E /* Base */,
			);
			name = Main.storyboard;
			sourceTree = "<group>";
		};
		563CD8EB1D0932910021A77E /* LaunchScreen.storyboard */ = {
			isa = PBXVariantGroup;
			children = (
				563CD8EC1D0932910021A77E /* Base */,
			);
			name = LaunchScreen.storyboard;
			sourceTree = "<group>";
		};
/* End PBXVariantGroup section */

/* Begin XCBuildConfiguration section */
		563CD9051D0932920021A77E /* Debug */ = {
			isa = XCBuildConfiguration;
			buildSettings = {
				ALWAYS_SEARCH_USER_PATHS = NO;
				CLANG_ANALYZER_NONNULL = YES;
				CLANG_CXX_LANGUAGE_STANDARD = "gnu++0x";
				CLANG_CXX_LIBRARY = "libc++";
				CLANG_ENABLE_MODULES = YES;
				CLANG_ENABLE_OBJC_ARC = YES;
				CLANG_WARN_BOOL_CONVERSION = YES;
				CLANG_WARN_CONSTANT_CONVERSION = YES;
				CLANG_WARN_DIRECT_OBJC_ISA_USAGE = YES_ERROR;
				CLANG_WARN_EMPTY_BODY = YES;
				CLANG_WARN_ENUM_CONVERSION = YES;
				CLANG_WARN_INT_CONVERSION = YES;
				CLANG_WARN_OBJC_ROOT_CLASS = YES_ERROR;
				CLANG_WARN_UNREACHABLE_CODE = YES;
				CLANG_WARN__DUPLICATE_METHOD_MATCH = YES;
				"CODE_SIGN_IDENTITY[sdk=iphoneos*]" = "iPhone Developer";
				COPY_PHASE_STRIP = NO;
				DEBUG_INFORMATION_FORMAT = dwarf;
				ENABLE_STRICT_OBJC_MSGSEND = YES;
				ENABLE_TESTABILITY = YES;
				GCC_C_LANGUAGE_STANDARD = gnu99;
				GCC_DYNAMIC_NO_PIC = NO;
				GCC_NO_COMMON_BLOCKS = YES;
				GCC_OPTIMIZATION_LEVEL = 0;
				GCC_PREPROCESSOR_DEFINITIONS = (
					"DEBUG=1",
					"$(inherited)",
				);
				GCC_WARN_64_TO_32_BIT_CONVERSION = YES;
				GCC_WARN_ABOUT_RETURN_TYPE = YES_ERROR;
				GCC_WARN_UNDECLARED_SELECTOR = YES;
				GCC_WARN_UNINITIALIZED_AUTOS = YES_AGGRESSIVE;
				GCC_WARN_UNUSED_FUNCTION = YES;
				GCC_WARN_UNUSED_VARIABLE = YES;
				IPHONEOS_DEPLOYMENT_TARGET = 9.3;
				MTL_ENABLE_DEBUG_INFO = YES;
				ONLY_ACTIVE_ARCH = YES;
				SDKROOT = iphoneos;
				TARGETED_DEVICE_FAMILY = "1,2";
			};
			name = Debug;
		};
		563CD9061D0932920021A77E /* Release */ = {
			isa = XCBuildConfiguration;
			buildSettings = {
				ALWAYS_SEARCH_USER_PATHS = NO;
				CLANG_ANALYZER_NONNULL = YES;
				CLANG_CXX_LANGUAGE_STANDARD = "gnu++0x";
				CLANG_CXX_LIBRARY = "libc++";
				CLANG_ENABLE_MODULES = YES;
				CLANG_ENABLE_OBJC_ARC = YES;
				CLANG_WARN_BOOL_CONVERSION = YES;
				CLANG_WARN_CONSTANT_CONVERSION = YES;
				CLANG_WARN_DIRECT_OBJC_ISA_USAGE = YES_ERROR;
				CLANG_WARN_EMPTY_BODY = YES;
				CLANG_WARN_ENUM_CONVERSION = YES;
				CLANG_WARN_INT_CONVERSION = YES;
				CLANG_WARN_OBJC_ROOT_CLASS = YES_ERROR;
				CLANG_WARN_UNREACHABLE_CODE = YES;
				CLANG_WARN__DUPLICATE_METHOD_MATCH = YES;
				"CODE_SIGN_IDENTITY[sdk=iphoneos*]" = "iPhone Developer";
				COPY_PHASE_STRIP = NO;
				DEBUG_INFORMATION_FORMAT = "dwarf-with-dsym";
				ENABLE_NS_ASSERTIONS = NO;
				ENABLE_STRICT_OBJC_MSGSEND = YES;
				GCC_C_LANGUAGE_STANDARD = gnu99;
				GCC_NO_COMMON_BLOCKS = YES;
				GCC_WARN_64_TO_32_BIT_CONVERSION = YES;
				GCC_WARN_ABOUT_RETURN_TYPE = YES_ERROR;
				GCC_WARN_UNDECLARED_SELECTOR = YES;
				GCC_WARN_UNINITIALIZED_AUTOS = YES_AGGRESSIVE;
				GCC_WARN_UNUSED_FUNCTION = YES;
				GCC_WARN_UNUSED_VARIABLE = YES;
				IPHONEOS_DEPLOYMENT_TARGET = 9.3;
				MTL_ENABLE_DEBUG_INFO = NO;
				SDKROOT = iphoneos;
				TARGETED_DEVICE_FAMILY = "1,2";
				VALIDATE_PRODUCT = YES;
			};
			name = Release;
		};
		563CD9081D0932920021A77E /* Debug */ = {
			isa = XCBuildConfiguration;
			buildSettings = {
				ASSETCATALOG_COMPILER_APPICON_NAME = AppIcon;
				INFOPLIST_FILE = BlocNotes2/Info.plist;
				LD_RUNPATH_SEARCH_PATHS = "$(inherited) @executable_path/Frameworks";
				PRODUCT_BUNDLE_IDENTIFIER = "net.health-space.BlocNotes2";
				PRODUCT_NAME = goalsCoach;
			};
			name = Debug;
		};
		563CD9091D0932920021A77E /* Release */ = {
			isa = XCBuildConfiguration;
			buildSettings = {
				ASSETCATALOG_COMPILER_APPICON_NAME = AppIcon;
				INFOPLIST_FILE = BlocNotes2/Info.plist;
				LD_RUNPATH_SEARCH_PATHS = "$(inherited) @executable_path/Frameworks";
				PRODUCT_BUNDLE_IDENTIFIER = "net.health-space.BlocNotes2";
				PRODUCT_NAME = goalsCoach;
			};
			name = Release;
		};
		563CD90B1D0932920021A77E /* Debug */ = {
			isa = XCBuildConfiguration;
			buildSettings = {
				BUNDLE_LOADER = "$(TEST_HOST)";
				INFOPLIST_FILE = BlocNotes2Tests/Info.plist;
				LD_RUNPATH_SEARCH_PATHS = "$(inherited) @executable_path/Frameworks @loader_path/Frameworks";
				PRODUCT_BUNDLE_IDENTIFIER = "net.health-space.BlocNotes2Tests";
				PRODUCT_NAME = goalsCoach;
				TEST_HOST = "$(BUILT_PRODUCTS_DIR)/goalsCoach.app/goalsCoach";
			};
			name = Debug;
		};
		563CD90C1D0932920021A77E /* Release */ = {
			isa = XCBuildConfiguration;
			buildSettings = {
				BUNDLE_LOADER = "$(TEST_HOST)";
				INFOPLIST_FILE = BlocNotes2Tests/Info.plist;
				LD_RUNPATH_SEARCH_PATHS = "$(inherited) @executable_path/Frameworks @loader_path/Frameworks";
				PRODUCT_BUNDLE_IDENTIFIER = "net.health-space.BlocNotes2Tests";
				PRODUCT_NAME = goalsCoach;
				TEST_HOST = "$(BUILT_PRODUCTS_DIR)/goalsCoach.app/goalsCoach";
			};
			name = Release;
		};
		563CD90E1D0932920021A77E /* Debug */ = {
			isa = XCBuildConfiguration;
			buildSettings = {
				INFOPLIST_FILE = BlocNotes2UITests/Info.plist;
				LD_RUNPATH_SEARCH_PATHS = "$(inherited) @executable_path/Frameworks @loader_path/Frameworks";
				PRODUCT_BUNDLE_IDENTIFIER = "net.health-space.BlocNotes2UITests";
				PRODUCT_NAME = goalsCoach;
				TEST_TARGET_NAME = BlocNotes2;
			};
			name = Debug;
		};
		563CD90F1D0932920021A77E /* Release */ = {
			isa = XCBuildConfiguration;
			buildSettings = {
				INFOPLIST_FILE = BlocNotes2UITests/Info.plist;
				LD_RUNPATH_SEARCH_PATHS = "$(inherited) @executable_path/Frameworks @loader_path/Frameworks";
				PRODUCT_BUNDLE_IDENTIFIER = "net.health-space.BlocNotes2UITests";
				PRODUCT_NAME = goalsCoach;
				TEST_TARGET_NAME = BlocNotes2;
			};
			name = Release;
		};
/* End XCBuildConfiguration section */

/* Begin XCConfigurationList section */
		563CD8CF1D0932910021A77E /* Build configuration list for PBXProject "goalsCoach" */ = {
			isa = XCConfigurationList;
			buildConfigurations = (
				563CD9051D0932920021A77E /* Debug */,
				563CD9061D0932920021A77E /* Release */,
			);
			defaultConfigurationIsVisible = 0;
			defaultConfigurationName = Release;
		};
		563CD9071D0932920021A77E /* Build configuration list for PBXNativeTarget "goalsCoach" */ = {
			isa = XCConfigurationList;
			buildConfigurations = (
				563CD9081D0932920021A77E /* Debug */,
				563CD9091D0932920021A77E /* Release */,
			);
			defaultConfigurationIsVisible = 0;
			defaultConfigurationName = Release;
		};
		563CD90A1D0932920021A77E /* Build configuration list for PBXNativeTarget "goalsCoachTests" */ = {
			isa = XCConfigurationList;
			buildConfigurations = (
				563CD90B1D0932920021A77E /* Debug */,
				563CD90C1D0932920021A77E /* Release */,
			);
			defaultConfigurationIsVisible = 0;
			defaultConfigurationName = Release;
		};
		563CD90D1D0932920021A77E /* Build configuration list for PBXNativeTarget "goalsCoachUITests" */ = {
			isa = XCConfigurationList;
			buildConfigurations = (
				563CD90E1D0932920021A77E /* Debug */,
				563CD90F1D0932920021A77E /* Release */,
			);
			defaultConfigurationIsVisible = 0;
			defaultConfigurationName = Release;
		};
/* End XCConfigurationList section */

/* Begin XCVersionGroup section */
		563CD8DD1D0932910021A77E /* BlocNotes2.xcdatamodeld */ = {
			isa = XCVersionGroup;
			children = (
				563CD8DE1D0932910021A77E /* BlocNotes2.xcdatamodel */,
			);
			currentVersion = 563CD8DE1D0932910021A77E /* BlocNotes2.xcdatamodel */;
			path = BlocNotes2.xcdatamodeld;
			sourceTree = "<group>";
			versionGroupType = wrapper.xcdatamodel;
		};
/* End XCVersionGroup section */
	};
	rootObject = 563CD8CC1D0932910021A77E /* Project object */;
}
